
Microsoft Visual Studio Solution File, Format Version 12.00
# Visual Studio Version 17
VisualStudioVersion = 17.11.35222.181
MinimumVisualStudioVersion = 10.0.40219.1
Project("{FAE04EC0-301F-11D3-BF4B-00C04F79EFBC}") = "UI WinForms", "UI WinForms.csproj", "{BB2999D2-6539-4BBC-8C95-D8FDE0D7BB88}"
EndProject
Global
	GlobalSection(SolutionConfigurationPlatforms) = preSolution
		Debug|Any CPU = Debug|Any CPU
		Release|Any CPU = Release|Any CPU
	EndGlobalSection
	GlobalSection(ProjectConfigurationPlatforms) = postSolution
		{BB2999D2-6539-4BBC-8C95-D8FDE0D7BB88}.Debug|Any CPU.ActiveCfg = Debug|Any CPU
		{BB2999D2-6539-4BBC-8C95-D8FDE0D7BB88}.Debug|Any CPU.Build.0 = Debug|Any CPU
		{BB2999D2-6539-4BBC-8C95-D8FDE0D7BB88}.Release|Any CPU.ActiveCfg = Release|Any CPU
		{BB2999D2-6539-4BBC-8C95-D8FDE0D7BB88}.Release|Any CPU.Build.0 = Release|Any CPU
	EndGlobalSection
	GlobalSection(SolutionProperties) = preSolution
		HideSolutionNode = FALSE
	EndGlobalSection
	GlobalSection(ExtensibilityGlobals) = postSolution
		SolutionGuid = {FBC70FBE-E4EB-4BA8-A18A-0BAA77E9CDD9}
	EndGlobalSection
EndGlobal
