
Microsoft Visual Studio Solution File, Format Version 12.00
# Visual Studio Version 17
VisualStudioVersion = 17.11.35327.3
MinimumVisualStudioVersion = 10.0.40219.1
Project("{FAE04EC0-301F-11D3-BF4B-00C04F79EFBC}") = "SDC Login", "SDC Login.csproj", "{6EF2F0BC-8C94-4278-83E0-7DF8074B7CCF}"
EndProject
Global
	GlobalSection(SolutionConfigurationPlatforms) = preSolution
		Debug|Any CPU = Debug|Any CPU
		Release|Any CPU = Release|Any CPU
	EndGlobalSection
	GlobalSection(ProjectConfigurationPlatforms) = postSolution
		{6EF2F0BC-8C94-4278-83E0-7DF8074B7CCF}.Debug|Any CPU.ActiveCfg = Debug|Any CPU
		{6EF2F0BC-8C94-4278-83E0-7DF8074B7CCF}.Debug|Any CPU.Build.0 = Debug|Any CPU
		{6EF2F0BC-8C94-4278-83E0-7DF8074B7CCF}.Release|Any CPU.ActiveCfg = Release|Any CPU
		{6EF2F0BC-8C94-4278-83E0-7DF8074B7CCF}.Release|Any CPU.Build.0 = Release|Any CPU
	EndGlobalSection
	GlobalSection(SolutionProperties) = preSolution
		HideSolutionNode = FALSE
	EndGlobalSection
	GlobalSection(ExtensibilityGlobals) = postSolution
		SolutionGuid = {1C8B29E1-73C1-45C8-A5C3-79C3A281C056}
	EndGlobalSection
EndGlobal
